{
  "version": 4,
  "terraform_version": "1.0.0",
  "serial": 5,
  "lineage": "d215479c-32cb-1c80-e28c-beaa65f3ef97",
  "outputs": {
    "server-login": {
      "value": "mikku1999.azurecr.io",
      "type": "string"
    }
  },
  "resources": [
    {
      "mode": "managed",
      "type": "azurerm_container_group",
      "name": "example",
      "provider": "provider[\"registry.terraform.io/hashicorp/azurerm\"]",
      "instances": [
        {
          "schema_version": 0,
          "attributes": {
            "container": [
              {
                "commands": [],
                "cpu": 0.5,
                "cpu_limit": 0,
                "environment_variables": null,
                "gpu": [],
                "gpu_limit": [],
                "image": "mikku1999.azurecr.io/react:latest",
                "liveness_probe": [],
                "memory": 1.5,
                "memory_limit": 0,
                "name": "react-app",
                "ports": [
                  {
                    "port": 8080,
                    "protocol": "TCP"
                  }
                ],
                "readiness_probe": [],
                "secure_environment_variables": null,
                "security": [],
                "volume": []
              }
            ],
            "diagnostics": [],
            "dns_config": [],
            "dns_name_label": "",
            "dns_name_label_reuse_policy": "Unsecure",
            "exposed_port": [
              {
                "port": 8080,
                "protocol": "TCP"
              }
            ],
            "fqdn": "",
            "id": "/subscriptions/d532fd4c-2fbe-43aa-98b5-9a2e7d3a1b3f/resourceGroups/react/providers/Microsoft.ContainerInstance/containerGroups/example-continst",
            "identity": [
              {
                "identity_ids": null,
                "principal_id": "1249b312-a21e-4877-9f45-3f98be2c212d",
                "tenant_id": "1e69cb8f-5131-427e-82a9-ed33f4e4a6b3",
                "type": "SystemAssigned"
              }
            ],
            "image_registry_credential": [
              {
                "password": "be+h6rjNCT4vDcl11+rpYH80T1p9jTthBp76geCvYJ+ACRB7Vhgl",
                "server": "mikku1999.azurecr.io",
                "user_assigned_identity_id": "",
                "username": "mikku1999"
              }
            ],
            "init_container": [],
            "ip_address": "4.249.204.229",
            "ip_address_type": "Public",
            "key_vault_key_id": null,
            "key_vault_user_assigned_identity_id": null,
            "location": "centralus",
            "name": "example-continst",
            "network_profile_id": null,
            "os_type": "Linux",
            "priority": "",
            "resource_group_name": "react",
            "restart_policy": "OnFailure",
            "sku": "Standard",
            "subnet_ids": null,
            "tags": null,
            "timeouts": null,
            "zones": null
          },
          "sensitive_attributes": [
            [
              {
                "type": "get_attr",
                "value": "image_registry_credential"
              },
              {
                "type": "index",
                "value": {
                  "value": 0,
                  "type": "number"
                }
              },
              {
                "type": "get_attr",
                "value": "password"
              }
            ]
          ],
          "private": "eyJlMmJmYjczMC1lY2FhLTExZTYtOGY4OC0zNDM2M2JjN2M0YzAiOnsiY3JlYXRlIjozNjAwMDAwMDAwMDAwLCJkZWxldGUiOjE4MDAwMDAwMDAwMDAsInJlYWQiOjMwMDAwMDAwMDAwMCwidXBkYXRlIjoxODAwMDAwMDAwMDAwfX0=",
          "dependencies": [
            "azurerm_container_registry.myregistry",
            "azurerm_resource_group.react"
          ]
        }
      ]
    },
    {
      "mode": "managed",
      "type": "azurerm_container_registry",
      "name": "myregistry",
      "provider": "provider[\"registry.terraform.io/hashicorp/azurerm\"]",
      "instances": [
        {
          "schema_version": 2,
          "attributes": {
            "admin_enabled": true,
            "admin_password": "be+h6rjNCT4vDcl11+rpYH80T1p9jTthBp76geCvYJ+ACRB7Vhgl",
            "admin_username": "mikku1999",
            "anonymous_pull_enabled": false,
            "data_endpoint_enabled": false,
            "encryption": [
              {
                "enabled": false,
                "identity_client_id": "",
                "key_vault_key_id": ""
              }
            ],
            "export_policy_enabled": true,
            "georeplications": [],
            "id": "/subscriptions/d532fd4c-2fbe-43aa-98b5-9a2e7d3a1b3f/resourceGroups/react/providers/Microsoft.ContainerRegistry/registries/mikku1999",
            "identity": [],
            "location": "centralus",
            "login_server": "mikku1999.azurecr.io",
            "name": "mikku1999",
            "network_rule_bypass_option": "AzureServices",
            "network_rule_set": [],
            "public_network_access_enabled": true,
            "quarantine_policy_enabled": false,
            "resource_group_name": "react",
            "retention_policy": [
              {
                "days": 7,
                "enabled": false
              }
            ],
            "sku": "Standard",
            "tags": {},
            "timeouts": null,
            "trust_policy": [
              {
                "enabled": false
              }
            ],
            "zone_redundancy_enabled": false
          },
          "sensitive_attributes": [],
          "private": "eyJlMmJmYjczMC1lY2FhLTExZTYtOGY4OC0zNDM2M2JjN2M0YzAiOnsiY3JlYXRlIjoxODAwMDAwMDAwMDAwLCJkZWxldGUiOjE4MDAwMDAwMDAwMDAsInJlYWQiOjMwMDAwMDAwMDAwMCwidXBkYXRlIjoxODAwMDAwMDAwMDAwfSwic2NoZW1hX3ZlcnNpb24iOiIyIn0=",
          "dependencies": [
            "azurerm_resource_group.react"
          ]
        }
      ]
    },
    {
      "mode": "managed",
      "type": "azurerm_resource_group",
      "name": "react",
      "provider": "provider[\"registry.terraform.io/hashicorp/azurerm\"]",
      "instances": [
        {
          "schema_version": 0,
          "attributes": {
            "id": "/subscriptions/d532fd4c-2fbe-43aa-98b5-9a2e7d3a1b3f/resourceGroups/react",
            "location": "centralus",
            "managed_by": "",
            "name": "react",
            "tags": {
              "environment": "Devlopment"
            },
            "timeouts": null
          },
          "sensitive_attributes": [],
          "private": "eyJlMmJmYjczMC1lY2FhLTExZTYtOGY4OC0zNDM2M2JjN2M0YzAiOnsiY3JlYXRlIjo1NDAwMDAwMDAwMDAwLCJkZWxldGUiOjU0MDAwMDAwMDAwMDAsInJlYWQiOjMwMDAwMDAwMDAwMCwidXBkYXRlIjo1NDAwMDAwMDAwMDAwfX0="
        }
      ]
    }
  ]
}
